// !$*UTF8*$!
{
	archiveVersion = 1;
	classes = {
	};
	objectVersion = 56;
	objects = {

/* Begin PBXBuildFile section */
		9E5C5A3AB9DD5BD88172D110 /* Pods_Spotify.framework in Frameworks */ = {isa = PBXBuildFile; fileRef = EE5D6F1217E972855CAAA4DF /* Pods_Spotify.framework */; };
		DB04E6632CC469B100BA3920 /* NewReleasesResponse.swift in Sources */ = {isa = PBXBuildFile; fileRef = DB04E6622CC469B100BA3920 /* NewReleasesResponse.swift */; };
		DB04E6652CC46A4900BA3920 /* APIImage.swift in Sources */ = {isa = PBXBuildFile; fileRef = DB04E6642CC46A4900BA3920 /* APIImage.swift */; };
		DB1CE6B02CAEA8780024FCDF /* TabBarController.swift in Sources */ = {isa = PBXBuildFile; fileRef = DB1CE6AF2CAEA8780024FCDF /* TabBarController.swift */; };
		DB1CE6B22CAEA8DF0024FCDF /* SearchViewController.swift in Sources */ = {isa = PBXBuildFile; fileRef = DB1CE6B12CAEA8DF0024FCDF /* SearchViewController.swift */; };
		DB1CE6B42CAEA8F90024FCDF /* LibraryViewController.swift in Sources */ = {isa = PBXBuildFile; fileRef = DB1CE6B32CAEA8F90024FCDF /* LibraryViewController.swift */; };
		DB1CE6B72CAEA9630024FCDF /* AuthViewController.swift in Sources */ = {isa = PBXBuildFile; fileRef = DB1CE6B62CAEA9630024FCDF /* AuthViewController.swift */; };
		DB1CE6B92CAEA9700024FCDF /* WelcomeViewController.swift in Sources */ = {isa = PBXBuildFile; fileRef = DB1CE6B82CAEA9700024FCDF /* WelcomeViewController.swift */; };
		DB1CE6BB2CAEA97C0024FCDF /* SettingsViewController.swift in Sources */ = {isa = PBXBuildFile; fileRef = DB1CE6BA2CAEA97C0024FCDF /* SettingsViewController.swift */; };
		DB1CE6BD2CAEA98F0024FCDF /* PlayerViewController.swift in Sources */ = {isa = PBXBuildFile; fileRef = DB1CE6BC2CAEA98F0024FCDF /* PlayerViewController.swift */; };
		DB1CE6BF2CAEA9980024FCDF /* ProfileViewController.swift in Sources */ = {isa = PBXBuildFile; fileRef = DB1CE6BE2CAEA9980024FCDF /* ProfileViewController.swift */; };
		DB1CE6C12CAEA9C10024FCDF /* PlaylistViewController.swift in Sources */ = {isa = PBXBuildFile; fileRef = DB1CE6C02CAEA9C10024FCDF /* PlaylistViewController.swift */; };
		DB1CE6C32CAEA9CF0024FCDF /* SearchResultViewController.swift in Sources */ = {isa = PBXBuildFile; fileRef = DB1CE6C22CAEA9CF0024FCDF /* SearchResultViewController.swift */; };
		DB1CE6C52CAEAA080024FCDF /* AuthManager.swift in Sources */ = {isa = PBXBuildFile; fileRef = DB1CE6C42CAEAA080024FCDF /* AuthManager.swift */; };
		DB1CE6C72CAEAA130024FCDF /* APICaller.swift in Sources */ = {isa = PBXBuildFile; fileRef = DB1CE6C62CAEAA130024FCDF /* APICaller.swift */; };
		DB1CE6C92CAEAA1D0024FCDF /* HapticsManager.swift in Sources */ = {isa = PBXBuildFile; fileRef = DB1CE6C82CAEAA1D0024FCDF /* HapticsManager.swift */; };
		DB1CE6CB2CAEAA550024FCDF /* Playlist.swift in Sources */ = {isa = PBXBuildFile; fileRef = DB1CE6CA2CAEAA550024FCDF /* Playlist.swift */; };
		DB1CE6CD2CAEAA620024FCDF /* AudioTrack.swift in Sources */ = {isa = PBXBuildFile; fileRef = DB1CE6CC2CAEAA620024FCDF /* AudioTrack.swift */; };
		DB1CE6CF2CAEAA6E0024FCDF /* Artist.swift in Sources */ = {isa = PBXBuildFile; fileRef = DB1CE6CE2CAEAA6E0024FCDF /* Artist.swift */; };
		DB1CE6D12CAEAA780024FCDF /* UserProfile.swift in Sources */ = {isa = PBXBuildFile; fileRef = DB1CE6D02CAEAA780024FCDF /* UserProfile.swift */; };
		DB6568102CE0128300A0C7D9 /* RecommendationsResponse.swift in Sources */ = {isa = PBXBuildFile; fileRef = DB65680F2CE0128300A0C7D9 /* RecommendationsResponse.swift */; };
		DB6660822CAA073B00A7F349 /* AppDelegate.swift in Sources */ = {isa = PBXBuildFile; fileRef = DB6660812CAA073B00A7F349 /* AppDelegate.swift */; };
		DB6660842CAA073B00A7F349 /* SceneDelegate.swift in Sources */ = {isa = PBXBuildFile; fileRef = DB6660832CAA073B00A7F349 /* SceneDelegate.swift */; };
		DB6660862CAA073B00A7F349 /* HomeViewController.swift in Sources */ = {isa = PBXBuildFile; fileRef = DB6660852CAA073B00A7F349 /* HomeViewController.swift */; };
		DB66608B2CAA073C00A7F349 /* Assets.xcassets in Resources */ = {isa = PBXBuildFile; fileRef = DB66608A2CAA073C00A7F349 /* Assets.xcassets */; };
		DB66608E2CAA073C00A7F349 /* LaunchScreen.storyboard in Resources */ = {isa = PBXBuildFile; fileRef = DB66608C2CAA073C00A7F349 /* LaunchScreen.storyboard */; };
		DB6966592CDE15AB00CEDA7F /* FeaturedPlayListResponse.swift in Sources */ = {isa = PBXBuildFile; fileRef = DB6966582CDE15AB00CEDA7F /* FeaturedPlayListResponse.swift */; };
		DB69665B2CDE1A9E00CEDA7F /* RecomendedGenresResponse.swift in Sources */ = {isa = PBXBuildFile; fileRef = DB69665A2CDE1A9E00CEDA7F /* RecomendedGenresResponse.swift */; };
		DB735C812CC0368C009D9727 /* SettingsModel.swift in Sources */ = {isa = PBXBuildFile; fileRef = DB735C802CC0368C009D9727 /* SettingsModel.swift */; };
		DBDCECC72CB0006C00C5B6A4 /* Extention+UIView.swift in Sources */ = {isa = PBXBuildFile; fileRef = DBDCECC62CB0006C00C5B6A4 /* Extention+UIView.swift */; };
		DBDCECCA2CB0010A00C5B6A4 /* Constant.swift in Sources */ = {isa = PBXBuildFile; fileRef = DBDCECC92CB0010A00C5B6A4 /* Constant.swift */; };
		DBE35C842CB5EF2F008342EA /* AuthResponse.swift in Sources */ = {isa = PBXBuildFile; fileRef = DBE35C832CB5EF2F008342EA /* AuthResponse.swift */; };
/* End PBXBuildFile section */

/* Begin PBXFileReference section */
		3AFFD44C5FDBEF80ADEF7C6F /* Pods-Spotify.debug.xcconfig */ = {isa = PBXFileReference; includeInIndex = 1; lastKnownFileType = text.xcconfig; name = "Pods-Spotify.debug.xcconfig"; path = "Target Support Files/Pods-Spotify/Pods-Spotify.debug.xcconfig"; sourceTree = "<group>"; };
		977100B2877DDFC91A014C8F /* Pods-Spotify.release.xcconfig */ = {isa = PBXFileReference; includeInIndex = 1; lastKnownFileType = text.xcconfig; name = "Pods-Spotify.release.xcconfig"; path = "Target Support Files/Pods-Spotify/Pods-Spotify.release.xcconfig"; sourceTree = "<group>"; };
		DB04E6622CC469B100BA3920 /* NewReleasesResponse.swift */ = {isa = PBXFileReference; lastKnownFileType = sourcecode.swift; path = NewReleasesResponse.swift; sourceTree = "<group>"; };
		DB04E6642CC46A4900BA3920 /* APIImage.swift */ = {isa = PBXFileReference; lastKnownFileType = sourcecode.swift; path = APIImage.swift; sourceTree = "<group>"; };
		DB1CE6AF2CAEA8780024FCDF /* TabBarController.swift */ = {isa = PBXFileReference; lastKnownFileType = sourcecode.swift; path = TabBarController.swift; sourceTree = "<group>"; };
		DB1CE6B12CAEA8DF0024FCDF /* SearchViewController.swift */ = {isa = PBXFileReference; lastKnownFileType = sourcecode.swift; path = SearchViewController.swift; sourceTree = "<group>"; };
		DB1CE6B32CAEA8F90024FCDF /* LibraryViewController.swift */ = {isa = PBXFileReference; lastKnownFileType = sourcecode.swift; path = LibraryViewController.swift; sourceTree = "<group>"; };
		DB1CE6B62CAEA9630024FCDF /* AuthViewController.swift */ = {isa = PBXFileReference; lastKnownFileType = sourcecode.swift; path = AuthViewController.swift; sourceTree = "<group>"; };
		DB1CE6B82CAEA9700024FCDF /* WelcomeViewController.swift */ = {isa = PBXFileReference; lastKnownFileType = sourcecode.swift; path = WelcomeViewController.swift; sourceTree = "<group>"; };
		DB1CE6BA2CAEA97C0024FCDF /* SettingsViewController.swift */ = {isa = PBXFileReference; lastKnownFileType = sourcecode.swift; path = SettingsViewController.swift; sourceTree = "<group>"; };
		DB1CE6BC2CAEA98F0024FCDF /* PlayerViewController.swift */ = {isa = PBXFileReference; lastKnownFileType = sourcecode.swift; path = PlayerViewController.swift; sourceTree = "<group>"; };
		DB1CE6BE2CAEA9980024FCDF /* ProfileViewController.swift */ = {isa = PBXFileReference; lastKnownFileType = sourcecode.swift; path = ProfileViewController.swift; sourceTree = "<group>"; };
		DB1CE6C02CAEA9C10024FCDF /* PlaylistViewController.swift */ = {isa = PBXFileReference; lastKnownFileType = sourcecode.swift; path = PlaylistViewController.swift; sourceTree = "<group>"; };
		DB1CE6C22CAEA9CF0024FCDF /* SearchResultViewController.swift */ = {isa = PBXFileReference; lastKnownFileType = sourcecode.swift; path = SearchResultViewController.swift; sourceTree = "<group>"; };
		DB1CE6C42CAEAA080024FCDF /* AuthManager.swift */ = {isa = PBXFileReference; lastKnownFileType = sourcecode.swift; path = AuthManager.swift; sourceTree = "<group>"; };
		DB1CE6C62CAEAA130024FCDF /* APICaller.swift */ = {isa = PBXFileReference; lastKnownFileType = sourcecode.swift; path = APICaller.swift; sourceTree = "<group>"; };
		DB1CE6C82CAEAA1D0024FCDF /* HapticsManager.swift */ = {isa = PBXFileReference; lastKnownFileType = sourcecode.swift; path = HapticsManager.swift; sourceTree = "<group>"; };
		DB1CE6CA2CAEAA550024FCDF /* Playlist.swift */ = {isa = PBXFileReference; lastKnownFileType = sourcecode.swift; path = Playlist.swift; sourceTree = "<group>"; };
		DB1CE6CC2CAEAA620024FCDF /* AudioTrack.swift */ = {isa = PBXFileReference; lastKnownFileType = sourcecode.swift; path = AudioTrack.swift; sourceTree = "<group>"; };
		DB1CE6CE2CAEAA6E0024FCDF /* Artist.swift */ = {isa = PBXFileReference; lastKnownFileType = sourcecode.swift; path = Artist.swift; sourceTree = "<group>"; };
		DB1CE6D02CAEAA780024FCDF /* UserProfile.swift */ = {isa = PBXFileReference; lastKnownFileType = sourcecode.swift; path = UserProfile.swift; sourceTree = "<group>"; };
		DB65680F2CE0128300A0C7D9 /* RecommendationsResponse.swift */ = {isa = PBXFileReference; lastKnownFileType = sourcecode.swift; path = RecommendationsResponse.swift; sourceTree = "<group>"; };
		DB66607E2CAA073B00A7F349 /* Spotify.app */ = {isa = PBXFileReference; explicitFileType = wrapper.application; includeInIndex = 0; path = Spotify.app; sourceTree = BUILT_PRODUCTS_DIR; };
		DB6660812CAA073B00A7F349 /* AppDelegate.swift */ = {isa = PBXFileReference; lastKnownFileType = sourcecode.swift; path = AppDelegate.swift; sourceTree = "<group>"; };
		DB6660832CAA073B00A7F349 /* SceneDelegate.swift */ = {isa = PBXFileReference; lastKnownFileType = sourcecode.swift; path = SceneDelegate.swift; sourceTree = "<group>"; };
		DB6660852CAA073B00A7F349 /* HomeViewController.swift */ = {isa = PBXFileReference; lastKnownFileType = sourcecode.swift; path = HomeViewController.swift; sourceTree = "<group>"; };
		DB66608A2CAA073C00A7F349 /* Assets.xcassets */ = {isa = PBXFileReference; lastKnownFileType = folder.assetcatalog; path = Assets.xcassets; sourceTree = "<group>"; };
		DB66608D2CAA073C00A7F349 /* Base */ = {isa = PBXFileReference; lastKnownFileType = file.storyboard; name = Base; path = Base.lproj/LaunchScreen.storyboard; sourceTree = "<group>"; };
		DB66608F2CAA073C00A7F349 /* Info.plist */ = {isa = PBXFileReference; lastKnownFileType = text.plist.xml; path = Info.plist; sourceTree = "<group>"; };
		DB6966582CDE15AB00CEDA7F /* FeaturedPlayListResponse.swift */ = {isa = PBXFileReference; lastKnownFileType = sourcecode.swift; path = FeaturedPlayListResponse.swift; sourceTree = "<group>"; };
		DB69665A2CDE1A9E00CEDA7F /* RecomendedGenresResponse.swift */ = {isa = PBXFileReference; lastKnownFileType = sourcecode.swift; path = RecomendedGenresResponse.swift; sourceTree = "<group>"; };
		DB735C802CC0368C009D9727 /* SettingsModel.swift */ = {isa = PBXFileReference; lastKnownFileType = sourcecode.swift; path = SettingsModel.swift; sourceTree = "<group>"; };
		DBDCECC62CB0006C00C5B6A4 /* Extention+UIView.swift */ = {isa = PBXFileReference; lastKnownFileType = sourcecode.swift; path = "Extention+UIView.swift"; sourceTree = "<group>"; };
		DBDCECC92CB0010A00C5B6A4 /* Constant.swift */ = {isa = PBXFileReference; lastKnownFileType = sourcecode.swift; path = Constant.swift; sourceTree = "<group>"; };
		DBE35C832CB5EF2F008342EA /* AuthResponse.swift */ = {isa = PBXFileReference; lastKnownFileType = sourcecode.swift; path = AuthResponse.swift; sourceTree = "<group>"; };
		EE5D6F1217E972855CAAA4DF /* Pods_Spotify.framework */ = {isa = PBXFileReference; explicitFileType = wrapper.framework; includeInIndex = 0; path = Pods_Spotify.framework; sourceTree = BUILT_PRODUCTS_DIR; };
/* End PBXFileReference section */

/* Begin PBXFrameworksBuildPhase section */
		DB66607B2CAA073B00A7F349 /* Frameworks */ = {
			isa = PBXFrameworksBuildPhase;
			buildActionMask = 2147483647;
			files = (
				9E5C5A3AB9DD5BD88172D110 /* Pods_Spotify.framework in Frameworks */,
			);
			runOnlyForDeploymentPostprocessing = 0;
		};
/* End PBXFrameworksBuildPhase section */

/* Begin PBXGroup section */
		B5C88FB3CCB69353D764FB06 /* Pods */ = {
			isa = PBXGroup;
			children = (
				3AFFD44C5FDBEF80ADEF7C6F /* Pods-Spotify.debug.xcconfig */,
				977100B2877DDFC91A014C8F /* Pods-Spotify.release.xcconfig */,
			);
			path = Pods;
			sourceTree = "<group>";
		};
		C3AD12DBCDBE5BEE98775C71 /* Frameworks */ = {
			isa = PBXGroup;
			children = (
				EE5D6F1217E972855CAAA4DF /* Pods_Spotify.framework */,
			);
			name = Frameworks;
			sourceTree = "<group>";
		};
		DB1CE6A82CAEA6AD0024FCDF /* View */ = {
			isa = PBXGroup;
			children = (
				DB1CE6B52CAEA9460024FCDF /* Other */,
				DB1CE6AE2CAEA80D0024FCDF /* Core */,
			);
			path = View;
			sourceTree = "<group>";
		};
		DB1CE6A92CAEA6B20024FCDF /* Model */ = {
			isa = PBXGroup;
			children = (
				DB1CE6CA2CAEAA550024FCDF /* Playlist.swift */,
				DB1CE6CC2CAEAA620024FCDF /* AudioTrack.swift */,
				DB1CE6CE2CAEAA6E0024FCDF /* Artist.swift */,
				DB1CE6D02CAEAA780024FCDF /* UserProfile.swift */,
				DBE35C832CB5EF2F008342EA /* AuthResponse.swift */,
				DB735C802CC0368C009D9727 /* SettingsModel.swift */,
				DB04E6622CC469B100BA3920 /* NewReleasesResponse.swift */,
				DB04E6642CC46A4900BA3920 /* APIImage.swift */,
				DB6966582CDE15AB00CEDA7F /* FeaturedPlayListResponse.swift */,
				DB69665A2CDE1A9E00CEDA7F /* RecomendedGenresResponse.swift */,
				DB65680F2CE0128300A0C7D9 /* RecommendationsResponse.swift */,
			);
			path = Model;
			sourceTree = "<group>";
		};
		DB1CE6AA2CAEA6B70024FCDF /* ViewModel */ = {
			isa = PBXGroup;
			children = (
			);
			path = ViewModel;
			sourceTree = "<group>";
		};
		DB1CE6AB2CAEA6D00024FCDF /* Resources */ = {
			isa = PBXGroup;
			children = (
				DB6660832CAA073B00A7F349 /* SceneDelegate.swift */,
				DB6660812CAA073B00A7F349 /* AppDelegate.swift */,
				DB66608A2CAA073C00A7F349 /* Assets.xcassets */,
				DB66608C2CAA073C00A7F349 /* LaunchScreen.storyboard */,
			);
			path = Resources;
			sourceTree = "<group>";
		};
		DB1CE6AC2CAEA6F30024FCDF /* Extension */ = {
			isa = PBXGroup;
			children = (
				DBDCECC62CB0006C00C5B6A4 /* Extention+UIView.swift */,
			);
			path = Extension;
			sourceTree = "<group>";
		};
		DB1CE6AD2CAEA6FA0024FCDF /* Manager */ = {
			isa = PBXGroup;
			children = (
				DB1CE6C42CAEAA080024FCDF /* AuthManager.swift */,
				DB1CE6C62CAEAA130024FCDF /* APICaller.swift */,
				DB1CE6C82CAEAA1D0024FCDF /* HapticsManager.swift */,
			);
			path = Manager;
			sourceTree = "<group>";
		};
		DB1CE6AE2CAEA80D0024FCDF /* Core */ = {
			isa = PBXGroup;
			children = (
				DB6660852CAA073B00A7F349 /* HomeViewController.swift */,
				DB1CE6AF2CAEA8780024FCDF /* TabBarController.swift */,
				DB1CE6B12CAEA8DF0024FCDF /* SearchViewController.swift */,
				DB1CE6B32CAEA8F90024FCDF /* LibraryViewController.swift */,
			);
			path = Core;
			sourceTree = "<group>";
		};
		DB1CE6B52CAEA9460024FCDF /* Other */ = {
			isa = PBXGroup;
			children = (
				DB1CE6B62CAEA9630024FCDF /* AuthViewController.swift */,
				DB1CE6B82CAEA9700024FCDF /* WelcomeViewController.swift */,
				DB1CE6BA2CAEA97C0024FCDF /* SettingsViewController.swift */,
				DB1CE6BC2CAEA98F0024FCDF /* PlayerViewController.swift */,
				DB1CE6BE2CAEA9980024FCDF /* ProfileViewController.swift */,
				DB1CE6C02CAEA9C10024FCDF /* PlaylistViewController.swift */,
				DB1CE6C22CAEA9CF0024FCDF /* SearchResultViewController.swift */,
			);
			path = Other;
			sourceTree = "<group>";
		};
		DB6660752CAA073B00A7F349 = {
			isa = PBXGroup;
			children = (
				DB6660802CAA073B00A7F349 /* Spotify */,
				DB66607F2CAA073B00A7F349 /* Products */,
				B5C88FB3CCB69353D764FB06 /* Pods */,
				C3AD12DBCDBE5BEE98775C71 /* Frameworks */,
			);
			sourceTree = "<group>";
		};
		DB66607F2CAA073B00A7F349 /* Products */ = {
			isa = PBXGroup;
			children = (
				DB66607E2CAA073B00A7F349 /* Spotify.app */,
			);
			name = Products;
			sourceTree = "<group>";
		};
		DB6660802CAA073B00A7F349 /* Spotify */ = {
			isa = PBXGroup;
			children = (
				DB66608F2CAA073C00A7F349 /* Info.plist */,
				DB1CE6AB2CAEA6D00024FCDF /* Resources */,
				DB1CE6AD2CAEA6FA0024FCDF /* Manager */,
				DBDCECC82CB0007D00C5B6A4 /* Constant */,
				DB1CE6AC2CAEA6F30024FCDF /* Extension */,
				DB1CE6AA2CAEA6B70024FCDF /* ViewModel */,
				DB1CE6A92CAEA6B20024FCDF /* Model */,
				DB1CE6A82CAEA6AD0024FCDF /* View */,
			);
			path = Spotify;
			sourceTree = "<group>";
		};
		DBDCECC82CB0007D00C5B6A4 /* Constant */ = {
			isa = PBXGroup;
			children = (
				DBDCECC92CB0010A00C5B6A4 /* Constant.swift */,
			);
			path = Constant;
			sourceTree = "<group>";
		};
/* End PBXGroup section */

/* Begin PBXNativeTarget section */
		DB66607D2CAA073B00A7F349 /* Spotify */ = {
			isa = PBXNativeTarget;
			buildConfigurationList = DB6660922CAA073C00A7F349 /* Build configuration list for PBXNativeTarget "Spotify" */;
			buildPhases = (
				E16F97889D883BE66B0E9733 /* [CP] Check Pods Manifest.lock */,
				DB66607A2CAA073B00A7F349 /* Sources */,
				DB66607B2CAA073B00A7F349 /* Frameworks */,
				DB66607C2CAA073B00A7F349 /* Resources */,
				7399D823F7736F3C2177A953 /* [CP] Embed Pods Frameworks */,
			);
			buildRules = (
			);
			dependencies = (
			);
			name = Spotify;
			productName = Spotify;
			productReference = DB66607E2CAA073B00A7F349 /* Spotify.app */;
			productType = "com.apple.product-type.application";
		};
/* End PBXNativeTarget section */

/* Begin PBXProject section */
		DB6660762CAA073B00A7F349 /* Project object */ = {
			isa = PBXProject;
			attributes = {
				BuildIndependentTargetsInParallel = 1;
				LastSwiftUpdateCheck = 1500;
				LastUpgradeCheck = 1500;
				TargetAttributes = {
					DB66607D2CAA073B00A7F349 = {
						CreatedOnToolsVersion = 15.0;
					};
				};
			};
			buildConfigurationList = DB6660792CAA073B00A7F349 /* Build configuration list for PBXProject "Spotify" */;
			compatibilityVersion = "Xcode 14.0";
			developmentRegion = en;
			hasScannedForEncodings = 0;
			knownRegions = (
				en,
				Base,
			);
			mainGroup = DB6660752CAA073B00A7F349;
			productRefGroup = DB66607F2CAA073B00A7F349 /* Products */;
			projectDirPath = "";
			projectRoot = "";
			targets = (
				DB66607D2CAA073B00A7F349 /* Spotify */,
			);
		};
/* End PBXProject section */

/* Begin PBXResourcesBuildPhase section */
		DB66607C2CAA073B00A7F349 /* Resources */ = {
			isa = PBXResourcesBuildPhase;
			buildActionMask = 2147483647;
			files = (
				DB66608E2CAA073C00A7F349 /* LaunchScreen.storyboard in Resources */,
				DB66608B2CAA073C00A7F349 /* Assets.xcassets in Resources */,
			);
			runOnlyForDeploymentPostprocessing = 0;
		};
/* End PBXResourcesBuildPhase section */

/* Begin PBXShellScriptBuildPhase section */
		7399D823F7736F3C2177A953 /* [CP] Embed Pods Frameworks */ = {
			isa = PBXShellScriptBuildPhase;
			buildActionMask = 2147483647;
			files = (
			);
			inputFileListPaths = (
				"${PODS_ROOT}/Target Support Files/Pods-Spotify/Pods-Spotify-frameworks-${CONFIGURATION}-input-files.xcfilelist",
			);
			name = "[CP] Embed Pods Frameworks";
			outputFileListPaths = (
				"${PODS_ROOT}/Target Support Files/Pods-Spotify/Pods-Spotify-frameworks-${CONFIGURATION}-output-files.xcfilelist",
			);
			runOnlyForDeploymentPostprocessing = 0;
			shellPath = /bin/sh;
			shellScript = "\"${PODS_ROOT}/Target Support Files/Pods-Spotify/Pods-Spotify-frameworks.sh\"\n";
			showEnvVarsInLog = 0;
		};
		E16F97889D883BE66B0E9733 /* [CP] Check Pods Manifest.lock */ = {
			isa = PBXShellScriptBuildPhase;
			buildActionMask = 2147483647;
			files = (
			);
			inputFileListPaths = (
			);
			inputPaths = (
				"${PODS_PODFILE_DIR_PATH}/Podfile.lock",
				"${PODS_ROOT}/Manifest.lock",
			);
			name = "[CP] Check Pods Manifest.lock";
			outputFileListPaths = (
			);
			outputPaths = (
				"$(DERIVED_FILE_DIR)/Pods-Spotify-checkManifestLockResult.txt",
			);
			runOnlyForDeploymentPostprocessing = 0;
			shellPath = /bin/sh;
			shellScript = "diff \"${PODS_PODFILE_DIR_PATH}/Podfile.lock\" \"${PODS_ROOT}/Manifest.lock\" > /dev/null\nif [ $? != 0 ] ; then\n    # print error to STDERR\n    echo \"error: The sandbox is not in sync with the Podfile.lock. Run 'pod install' or update your CocoaPods installation.\" >&2\n    exit 1\nfi\n# This output is used by Xcode 'outputs' to avoid re-running this script phase.\necho \"SUCCESS\" > \"${SCRIPT_OUTPUT_FILE_0}\"\n";
			showEnvVarsInLog = 0;
		};
/* End PBXShellScriptBuildPhase section */

/* Begin PBXSourcesBuildPhase section */
		DB66607A2CAA073B00A7F349 /* Sources */ = {
			isa = PBXSourcesBuildPhase;
			buildActionMask = 2147483647;
			files = (
				DB735C812CC0368C009D9727 /* SettingsModel.swift in Sources */,
				DB1CE6B22CAEA8DF0024FCDF /* SearchViewController.swift in Sources */,
				DB1CE6CB2CAEAA550024FCDF /* Playlist.swift in Sources */,
				DB1CE6C52CAEAA080024FCDF /* AuthManager.swift in Sources */,
				DB1CE6B92CAEA9700024FCDF /* WelcomeViewController.swift in Sources */,
				DB6660862CAA073B00A7F349 /* HomeViewController.swift in Sources */,
				DB69665B2CDE1A9E00CEDA7F /* RecomendedGenresResponse.swift in Sources */,
				DB04E6652CC46A4900BA3920 /* APIImage.swift in Sources */,
				DB1CE6C92CAEAA1D0024FCDF /* HapticsManager.swift in Sources */,
				DB04E6632CC469B100BA3920 /* NewReleasesResponse.swift in Sources */,
				DB1CE6B02CAEA8780024FCDF /* TabBarController.swift in Sources */,
				DB1CE6B72CAEA9630024FCDF /* AuthViewController.swift in Sources */,
				DB1CE6CD2CAEAA620024FCDF /* AudioTrack.swift in Sources */,
				DB6660822CAA073B00A7F349 /* AppDelegate.swift in Sources */,
				DB1CE6BF2CAEA9980024FCDF /* ProfileViewController.swift in Sources */,
				DB1CE6B42CAEA8F90024FCDF /* LibraryViewController.swift in Sources */,
				DB1CE6D12CAEAA780024FCDF /* UserProfile.swift in Sources */,
				DB1CE6C12CAEA9C10024FCDF /* PlaylistViewController.swift in Sources */,
				DB1CE6CF2CAEAA6E0024FCDF /* Artist.swift in Sources */,
				DB6660842CAA073B00A7F349 /* SceneDelegate.swift in Sources */,
				DB1CE6BB2CAEA97C0024FCDF /* SettingsViewController.swift in Sources */,
				DBDCECC72CB0006C00C5B6A4 /* Extention+UIView.swift in Sources */,
				DB1CE6C32CAEA9CF0024FCDF /* SearchResultViewController.swift in Sources */,
				DB6966592CDE15AB00CEDA7F /* FeaturedPlayListResponse.swift in Sources */,
				DBDCECCA2CB0010A00C5B6A4 /* Constant.swift in Sources */,
				DB1CE6C72CAEAA130024FCDF /* APICaller.swift in Sources */,
				DBE35C842CB5EF2F008342EA /* AuthResponse.swift in Sources */,
				DB1CE6BD2CAEA98F0024FCDF /* PlayerViewController.swift in Sources */,
				DB6568102CE0128300A0C7D9 /* RecommendationsResponse.swift in Sources */,
			);
			runOnlyForDeploymentPostprocessing = 0;
		};
/* End PBXSourcesBuildPhase section */

/* Begin PBXVariantGroup section */
		DB66608C2CAA073C00A7F349 /* LaunchScreen.storyboard */ = {
			isa = PBXVariantGroup;
			children = (
				DB66608D2CAA073C00A7F349 /* Base */,
			);
			name = LaunchScreen.storyboard;
			sourceTree = "<group>";
		};
/* End PBXVariantGroup section */

/* Begin XCBuildConfiguration section */
		DB6660902CAA073C00A7F349 /* Debug */ = {
			isa = XCBuildConfiguration;
			buildSettings = {
				ALWAYS_SEARCH_USER_PATHS = NO;
				ASSETCATALOG_COMPILER_GENERATE_SWIFT_ASSET_SYMBOL_EXTENSIONS = YES;
				CLANG_ANALYZER_NONNULL = YES;
				CLANG_ANALYZER_NUMBER_OBJECT_CONVERSION = YES_AGGRESSIVE;
				CLANG_CXX_LANGUAGE_STANDARD = "gnu++20";
				CLANG_ENABLE_MODULES = YES;
				CLANG_ENABLE_OBJC_ARC = YES;
				CLANG_ENABLE_OBJC_WEAK = YES;
				CLANG_WARN_BLOCK_CAPTURE_AUTORELEASING = YES;
				CLANG_WARN_BOOL_CONVERSION = YES;
				CLANG_WARN_COMMA = YES;
				CLANG_WARN_CONSTANT_CONVERSION = YES;
				CLANG_WARN_DEPRECATED_OBJC_IMPLEMENTATIONS = YES;
				CLANG_WARN_DIRECT_OBJC_ISA_USAGE = YES_ERROR;
				CLANG_WARN_DOCUMENTATION_COMMENTS = YES;
				CLANG_WARN_EMPTY_BODY = YES;
				CLANG_WARN_ENUM_CONVERSION = YES;
				CLANG_WARN_INFINITE_RECURSION = YES;
				CLANG_WARN_INT_CONVERSION = YES;
				CLANG_WARN_NON_LITERAL_NULL_CONVERSION = YES;
				CLANG_WARN_OBJC_IMPLICIT_RETAIN_SELF = YES;
				CLANG_WARN_OBJC_LITERAL_CONVERSION = YES;
				CLANG_WARN_OBJC_ROOT_CLASS = YES_ERROR;
				CLANG_WARN_QUOTED_INCLUDE_IN_FRAMEWORK_HEADER = YES;
				CLANG_WARN_RANGE_LOOP_ANALYSIS = YES;
				CLANG_WARN_STRICT_PROTOTYPES = YES;
				CLANG_WARN_SUSPICIOUS_MOVE = YES;
				CLANG_WARN_UNGUARDED_AVAILABILITY = YES_AGGRESSIVE;
				CLANG_WARN_UNREACHABLE_CODE = YES;
				CLANG_WARN__DUPLICATE_METHOD_MATCH = YES;
				COPY_PHASE_STRIP = NO;
				DEBUG_INFORMATION_FORMAT = dwarf;
				ENABLE_STRICT_OBJC_MSGSEND = YES;
				ENABLE_TESTABILITY = YES;
				ENABLE_USER_SCRIPT_SANDBOXING = YES;
				GCC_C_LANGUAGE_STANDARD = gnu17;
				GCC_DYNAMIC_NO_PIC = NO;
				GCC_NO_COMMON_BLOCKS = YES;
				GCC_OPTIMIZATION_LEVEL = 0;
				GCC_PREPROCESSOR_DEFINITIONS = (
					"DEBUG=1",
					"$(inherited)",
				);
				GCC_WARN_64_TO_32_BIT_CONVERSION = YES;
				GCC_WARN_ABOUT_RETURN_TYPE = YES_ERROR;
				GCC_WARN_UNDECLARED_SELECTOR = YES;
				GCC_WARN_UNINITIALIZED_AUTOS = YES_AGGRESSIVE;
				GCC_WARN_UNUSED_FUNCTION = YES;
				GCC_WARN_UNUSED_VARIABLE = YES;
				IPHONEOS_DEPLOYMENT_TARGET = 17.0;
				LOCALIZATION_PREFERS_STRING_CATALOGS = YES;
				MTL_ENABLE_DEBUG_INFO = INCLUDE_SOURCE;
				MTL_FAST_MATH = YES;
				ONLY_ACTIVE_ARCH = YES;
				SDKROOT = iphoneos;
				SWIFT_ACTIVE_COMPILATION_CONDITIONS = "DEBUG $(inherited)";
				SWIFT_OPTIMIZATION_LEVEL = "-Onone";
			};
			name = Debug;
		};
		DB6660912CAA073C00A7F349 /* Release */ = {
			isa = XCBuildConfiguration;
			buildSettings = {
				ALWAYS_SEARCH_USER_PATHS = NO;
				ASSETCATALOG_COMPILER_GENERATE_SWIFT_ASSET_SYMBOL_EXTENSIONS = YES;
				CLANG_ANALYZER_NONNULL = YES;
				CLANG_ANALYZER_NUMBER_OBJECT_CONVERSION = YES_AGGRESSIVE;
				CLANG_CXX_LANGUAGE_STANDARD = "gnu++20";
				CLANG_ENABLE_MODULES = YES;
				CLANG_ENABLE_OBJC_ARC = YES;
				CLANG_ENABLE_OBJC_WEAK = YES;
				CLANG_WARN_BLOCK_CAPTURE_AUTORELEASING = YES;
				CLANG_WARN_BOOL_CONVERSION = YES;
				CLANG_WARN_COMMA = YES;
				CLANG_WARN_CONSTANT_CONVERSION = YES;
				CLANG_WARN_DEPRECATED_OBJC_IMPLEMENTATIONS = YES;
				CLANG_WARN_DIRECT_OBJC_ISA_USAGE = YES_ERROR;
				CLANG_WARN_DOCUMENTATION_COMMENTS = YES;
				CLANG_WARN_EMPTY_BODY = YES;
				CLANG_WARN_ENUM_CONVERSION = YES;
				CLANG_WARN_INFINITE_RECURSION = YES;
				CLANG_WARN_INT_CONVERSION = YES;
				CLANG_WARN_NON_LITERAL_NULL_CONVERSION = YES;
				CLANG_WARN_OBJC_IMPLICIT_RETAIN_SELF = YES;
				CLANG_WARN_OBJC_LITERAL_CONVERSION = YES;
				CLANG_WARN_OBJC_ROOT_CLASS = YES_ERROR;
				CLANG_WARN_QUOTED_INCLUDE_IN_FRAMEWORK_HEADER = YES;
				CLANG_WARN_RANGE_LOOP_ANALYSIS = YES;
				CLANG_WARN_STRICT_PROTOTYPES = YES;
				CLANG_WARN_SUSPICIOUS_MOVE = YES;
				CLANG_WARN_UNGUARDED_AVAILABILITY = YES_AGGRESSIVE;
				CLANG_WARN_UNREACHABLE_CODE = YES;
				CLANG_WARN__DUPLICATE_METHOD_MATCH = YES;
				COPY_PHASE_STRIP = NO;
				DEBUG_INFORMATION_FORMAT = "dwarf-with-dsym";
				ENABLE_NS_ASSERTIONS = NO;
				ENABLE_STRICT_OBJC_MSGSEND = YES;
				ENABLE_USER_SCRIPT_SANDBOXING = YES;
				GCC_C_LANGUAGE_STANDARD = gnu17;
				GCC_NO_COMMON_BLOCKS = YES;
				GCC_WARN_64_TO_32_BIT_CONVERSION = YES;
				GCC_WARN_ABOUT_RETURN_TYPE = YES_ERROR;
				GCC_WARN_UNDECLARED_SELECTOR = YES;
				GCC_WARN_UNINITIALIZED_AUTOS = YES_AGGRESSIVE;
				GCC_WARN_UNUSED_FUNCTION = YES;
				GCC_WARN_UNUSED_VARIABLE = YES;
				IPHONEOS_DEPLOYMENT_TARGET = 17.0;
				LOCALIZATION_PREFERS_STRING_CATALOGS = YES;
				MTL_ENABLE_DEBUG_INFO = NO;
				MTL_FAST_MATH = YES;
				SDKROOT = iphoneos;
				SWIFT_COMPILATION_MODE = wholemodule;
				VALIDATE_PRODUCT = YES;
			};
			name = Release;
		};
		DB6660932CAA073C00A7F349 /* Debug */ = {
			isa = XCBuildConfiguration;
			baseConfigurationReference = 3AFFD44C5FDBEF80ADEF7C6F /* Pods-Spotify.debug.xcconfig */;
			buildSettings = {
				ASSETCATALOG_COMPILER_APPICON_NAME = AppIcon;
				ASSETCATALOG_COMPILER_GLOBAL_ACCENT_COLOR_NAME = AccentColor;
				CODE_SIGN_STYLE = Automatic;
				CURRENT_PROJECT_VERSION = 1;
				ENABLE_USER_SCRIPT_SANDBOXING = NO;
				GENERATE_INFOPLIST_FILE = YES;
				INFOPLIST_FILE = Spotify/Info.plist;
				INFOPLIST_KEY_UIApplicationSupportsIndirectInputEvents = YES;
				INFOPLIST_KEY_UILaunchStoryboardName = LaunchScreen;
				INFOPLIST_KEY_UISupportedInterfaceOrientations_iPad = "UIInterfaceOrientationPortrait UIInterfaceOrientationPortraitUpsideDown UIInterfaceOrientationLandscapeLeft UIInterfaceOrientationLandscapeRight";
				INFOPLIST_KEY_UISupportedInterfaceOrientations_iPhone = "UIInterfaceOrientationPortrait UIInterfaceOrientationLandscapeLeft UIInterfaceOrientationLandscapeRight";
				LD_RUNPATH_SEARCH_PATHS = (
					"$(inherited)",
					"@executable_path/Frameworks",
				);
				MARKETING_VERSION = 1.0;
				PRODUCT_BUNDLE_IDENTIFIER = com.umitsimsek.Spotify;
				PRODUCT_NAME = "$(TARGET_NAME)";
				SWIFT_EMIT_LOC_STRINGS = YES;
				SWIFT_VERSION = 5.0;
				TARGETED_DEVICE_FAMILY = "1,2";
			};
			name = Debug;
		};
		DB6660942CAA073C00A7F349 /* Release */ = {
			isa = XCBuildConfiguration;
			baseConfigurationReference = 977100B2877DDFC91A014C8F /* Pods-Spotify.release.xcconfig */;
			buildSettings = {
				ASSETCATALOG_COMPILER_APPICON_NAME = AppIcon;
				ASSETCATALOG_COMPILER_GLOBAL_ACCENT_COLOR_NAME = AccentColor;
				CODE_SIGN_STYLE = Automatic;
				CURRENT_PROJECT_VERSION = 1;
				ENABLE_USER_SCRIPT_SANDBOXING = NO;
				GENERATE_INFOPLIST_FILE = YES;
				INFOPLIST_FILE = Spotify/Info.plist;
				INFOPLIST_KEY_UIApplicationSupportsIndirectInputEvents = YES;
				INFOPLIST_KEY_UILaunchStoryboardName = LaunchScreen;
				INFOPLIST_KEY_UISupportedInterfaceOrientations_iPad = "UIInterfaceOrientationPortrait UIInterfaceOrientationPortraitUpsideDown UIInterfaceOrientationLandscapeLeft UIInterfaceOrientationLandscapeRight";
				INFOPLIST_KEY_UISupportedInterfaceOrientations_iPhone = "UIInterfaceOrientationPortrait UIInterfaceOrientationLandscapeLeft UIInterfaceOrientationLandscapeRight";
				LD_RUNPATH_SEARCH_PATHS = (
					"$(inherited)",
					"@executable_path/Frameworks",
				);
				MARKETING_VERSION = 1.0;
				PRODUCT_BUNDLE_IDENTIFIER = com.umitsimsek.Spotify;
				PRODUCT_NAME = "$(TARGET_NAME)";
				SWIFT_EMIT_LOC_STRINGS = YES;
				SWIFT_VERSION = 5.0;
				TARGETED_DEVICE_FAMILY = "1,2";
			};
			name = Release;
		};
/* End XCBuildConfiguration section */

/* Begin XCConfigurationList section */
		DB6660792CAA073B00A7F349 /* Build configuration list for PBXProject "Spotify" */ = {
			isa = XCConfigurationList;
			buildConfigurations = (
				DB6660902CAA073C00A7F349 /* Debug */,
				DB6660912CAA073C00A7F349 /* Release */,
			);
			defaultConfigurationIsVisible = 0;
			defaultConfigurationName = Release;
		};
		DB6660922CAA073C00A7F349 /* Build configuration list for PBXNativeTarget "Spotify" */ = {
			isa = XCConfigurationList;
			buildConfigurations = (
				DB6660932CAA073C00A7F349 /* Debug */,
				DB6660942CAA073C00A7F349 /* Release */,
			);
			defaultConfigurationIsVisible = 0;
			defaultConfigurationName = Release;
		};
/* End XCConfigurationList section */
	};
	rootObject = DB6660762CAA073B00A7F349 /* Project object */;
}
